
Microsoft Visual Studio Solution File, Format Version 12.00
# Visual Studio 15
VisualStudioVersion = 15.0.28307.438
MinimumVisualStudioVersion = 10.0.40219.1
Project("{FAE04EC0-301F-11D3-BF4B-00C04F79EFBC}") = "RoslynClassCreationAndCompile", "RoslynClassCreationAndCompile\RoslynClassCreationAndCompile.csproj", "{0473E21D-DB5A-4DF4-AD3E-4A87FABD761C}"
EndProject
Global
	GlobalSection(SolutionConfigurationPlatforms) = preSolution
		Debug|Any CPU = Debug|Any CPU
		Release|Any CPU = Release|Any CPU
	EndGlobalSection
	GlobalSection(ProjectConfigurationPlatforms) = postSolution
		{0473E21D-DB5A-4DF4-AD3E-4A87FABD761C}.Debug|Any CPU.ActiveCfg = Debug|Any CPU
		{0473E21D-DB5A-4DF4-AD3E-4A87FABD761C}.Debug|Any CPU.Build.0 = Debug|Any CPU
		{0473E21D-DB5A-4DF4-AD3E-4A87FABD761C}.Release|Any CPU.ActiveCfg = Release|Any CPU
		{0473E21D-DB5A-4DF4-AD3E-4A87FABD761C}.Release|Any CPU.Build.0 = Release|Any CPU
	EndGlobalSection
	GlobalSection(SolutionProperties) = preSolution
		HideSolutionNode = FALSE
	EndGlobalSection
	GlobalSection(ExtensibilityGlobals) = postSolution
		SolutionGuid = {C2C65431-F54B-4348-8E5C-BB9649439B97}
	EndGlobalSection
EndGlobal
